// !$*UTF8*$!
{
	archiveVersion = 1;
	classes = {
	};
	objectVersion = 46;
	objects = {

/* Begin PBXBuildFile section */
		638A5B632F3C39B2849093CD /* Pods.framework in Frameworks */ = {isa = PBXBuildFile; fileRef = FB0AB2676819D8DDDC90E533 /* Pods.framework */; settings = {ATTRIBUTES = (Weak, ); }; };
		9B15ED901CBE449A00B34D8F /* TAAbstractDotView.m in Sources */ = {isa = PBXBuildFile; fileRef = 9B15ED831CBE449A00B34D8F /* TAAbstractDotView.m */; };
		9B15ED911CBE449A00B34D8F /* TAAnimatedDotView.m in Sources */ = {isa = PBXBuildFile; fileRef = 9B15ED851CBE449A00B34D8F /* TAAnimatedDotView.m */; };
		9B15ED921CBE449A00B34D8F /* TADotView.m in Sources */ = {isa = PBXBuildFile; fileRef = 9B15ED871CBE449A00B34D8F /* TADotView.m */; };
		9B15ED931CBE449A00B34D8F /* TAPageControl.m in Sources */ = {isa = PBXBuildFile; fileRef = 9B15ED891CBE449A00B34D8F /* TAPageControl.m */; };
		9B15ED941CBE449A00B34D8F /* SDCollectionViewCell.m in Sources */ = {isa = PBXBuildFile; fileRef = 9B15ED8B1CBE449A00B34D8F /* SDCollectionViewCell.m */; };
		9B15ED951CBE449A00B34D8F /* SDCycleScrollView.m in Sources */ = {isa = PBXBuildFile; fileRef = 9B15ED8D1CBE449A00B34D8F /* SDCycleScrollView.m */; };
		9B15ED961CBE449A00B34D8F /* UIView+SDExtension.m in Sources */ = {isa = PBXBuildFile; fileRef = 9B15ED8F1CBE449A00B34D8F /* UIView+SDExtension.m */; };
		9B314CE11CBBF3000084C08E /* SVIndefiniteAnimatedView.m in Sources */ = {isa = PBXBuildFile; fileRef = 9B314CD81CBBF3000084C08E /* SVIndefiniteAnimatedView.m */; };
		9B314CE21CBBF3000084C08E /* SVProgressAnimatedView.m in Sources */ = {isa = PBXBuildFile; fileRef = 9B314CDA1CBBF3000084C08E /* SVProgressAnimatedView.m */; };
		9B314CE31CBBF3000084C08E /* SVProgressHUD.bundle in Resources */ = {isa = PBXBuildFile; fileRef = 9B314CDC1CBBF3000084C08E /* SVProgressHUD.bundle */; };
		9B314CE41CBBF3000084C08E /* SVProgressHUD.m in Sources */ = {isa = PBXBuildFile; fileRef = 9B314CDE1CBBF3000084C08E /* SVProgressHUD.m */; };
		9B314CE51CBBF3000084C08E /* SVRadialGradientLayer.m in Sources */ = {isa = PBXBuildFile; fileRef = 9B314CE01CBBF3000084C08E /* SVRadialGradientLayer.m */; };
		9B314CE81CBBF8040084C08E /* Request+JSON.swift in Sources */ = {isa = PBXBuildFile; fileRef = 9B314CE71CBBF8040084C08E /* Request+JSON.swift */; };
		9B9F95D31CBAA29C0041FEF9 /* AppDelegate.swift in Sources */ = {isa = PBXBuildFile; fileRef = 9B9F95D21CBAA29C0041FEF9 /* AppDelegate.swift */; };
		9B9F95D51CBAA29C0041FEF9 /* ViewController.swift in Sources */ = {isa = PBXBuildFile; fileRef = 9B9F95D41CBAA29C0041FEF9 /* ViewController.swift */; };
		9B9F95D81CBAA29C0041FEF9 /* Main.storyboard in Resources */ = {isa = PBXBuildFile; fileRef = 9B9F95D61CBAA29C0041FEF9 /* Main.storyboard */; };
		9B9F95DA1CBAA29C0041FEF9 /* Assets.xcassets in Resources */ = {isa = PBXBuildFile; fileRef = 9B9F95D91CBAA29C0041FEF9 /* Assets.xcassets */; };
		9B9F95DD1CBAA29C0041FEF9 /* LaunchScreen.storyboard in Resources */ = {isa = PBXBuildFile; fileRef = 9B9F95DB1CBAA29C0041FEF9 /* LaunchScreen.storyboard */; };
		9B9F95E81CBAA29C0041FEF9 /* ZhiHuDailyTests.swift in Sources */ = {isa = PBXBuildFile; fileRef = 9B9F95E71CBAA29C0041FEF9 /* ZhiHuDailyTests.swift */; };
		9B9F95F31CBAA29C0041FEF9 /* ZhiHuDailyUITests.swift in Sources */ = {isa = PBXBuildFile; fileRef = 9B9F95F21CBAA29C0041FEF9 /* ZhiHuDailyUITests.swift */; };
		9B9F96081CBAA3200041FEF9 /* LaunchViewController.swift in Sources */ = {isa = PBXBuildFile; fileRef = 9B9F96061CBAA3200041FEF9 /* LaunchViewController.swift */; };
		9B9F96091CBAA3200041FEF9 /* LaunchViewController.xib in Resources */ = {isa = PBXBuildFile; fileRef = 9B9F96071CBAA3200041FEF9 /* LaunchViewController.xib */; };
		9BD421321CBD499D00B3C853 /* MMDrawerBarButtonItem.m in Sources */ = {isa = PBXBuildFile; fileRef = 9BD4212A1CBD499D00B3C853 /* MMDrawerBarButtonItem.m */; };
		9BD421331CBD499D00B3C853 /* MMDrawerController.m in Sources */ = {isa = PBXBuildFile; fileRef = 9BD4212D1CBD499D00B3C853 /* MMDrawerController.m */; };
		9BD421341CBD499D00B3C853 /* MMDrawerVisualState.m in Sources */ = {isa = PBXBuildFile; fileRef = 9BD4212F1CBD499D00B3C853 /* MMDrawerVisualState.m */; };
		9BD421351CBD499D00B3C853 /* UIViewController+MMDrawerController.m in Sources */ = {isa = PBXBuildFile; fileRef = 9BD421311CBD499D00B3C853 /* UIViewController+MMDrawerController.m */; };
		9BD4213B1CBD4A7500B3C853 /* MainViewController.swift in Sources */ = {isa = PBXBuildFile; fileRef = 9BD4213A1CBD4A7500B3C853 /* MainViewController.swift */; };
		9BD4213E1CBD4BED00B3C853 /* DrawerViewController.swift in Sources */ = {isa = PBXBuildFile; fileRef = 9BD4213D1CBD4BED00B3C853 /* DrawerViewController.swift */; };
/* End PBXBuildFile section */

/* Begin PBXContainerItemProxy section */
		9B9F95E41CBAA29C0041FEF9 /* PBXContainerItemProxy */ = {
			isa = PBXContainerItemProxy;
			containerPortal = 9B9F95C71CBAA29C0041FEF9 /* Project object */;
			proxyType = 1;
			remoteGlobalIDString = 9B9F95CE1CBAA29C0041FEF9;
			remoteInfo = ZhiHuDaily;
		};
		9B9F95EF1CBAA29C0041FEF9 /* PBXContainerItemProxy */ = {
			isa = PBXContainerItemProxy;
			containerPortal = 9B9F95C71CBAA29C0041FEF9 /* Project object */;
			proxyType = 1;
			remoteGlobalIDString = 9B9F95CE1CBAA29C0041FEF9;
			remoteInfo = ZhiHuDaily;
		};
/* End PBXContainerItemProxy section */

/* Begin PBXFileReference section */
		769ABF7BE256C7A90EECF199 /* Pods.debug.xcconfig */ = {isa = PBXFileReference; includeInIndex = 1; lastKnownFileType = text.xcconfig; name = Pods.debug.xcconfig; path = "Pods/Target Support Files/Pods/Pods.debug.xcconfig"; sourceTree = "<group>"; };
		9084BC9D7406BF342371B822 /* Pods.release.xcconfig */ = {isa = PBXFileReference; includeInIndex = 1; lastKnownFileType = text.xcconfig; name = Pods.release.xcconfig; path = "Pods/Target Support Files/Pods/Pods.release.xcconfig"; sourceTree = "<group>"; };
		9B15ED821CBE449A00B34D8F /* TAAbstractDotView.h */ = {isa = PBXFileReference; fileEncoding = 4; lastKnownFileType = sourcecode.c.h; path = TAAbstractDotView.h; sourceTree = "<group>"; };
		9B15ED831CBE449A00B34D8F /* TAAbstractDotView.m */ = {isa = PBXFileReference; fileEncoding = 4; lastKnownFileType = sourcecode.c.objc; path = TAAbstractDotView.m; sourceTree = "<group>"; };
		9B15ED841CBE449A00B34D8F /* TAAnimatedDotView.h */ = {isa = PBXFileReference; fileEncoding = 4; lastKnownFileType = sourcecode.c.h; path = TAAnimatedDotView.h; sourceTree = "<group>"; };
		9B15ED851CBE449A00B34D8F /* TAAnimatedDotView.m */ = {isa = PBXFileReference; fileEncoding = 4; lastKnownFileType = sourcecode.c.objc; path = TAAnimatedDotView.m; sourceTree = "<group>"; };
		9B15ED861CBE449A00B34D8F /* TADotView.h */ = {isa = PBXFileReference; fileEncoding = 4; lastKnownFileType = sourcecode.c.h; path = TADotView.h; sourceTree = "<group>"; };
		9B15ED871CBE449A00B34D8F /* TADotView.m */ = {isa = PBXFileReference; fileEncoding = 4; lastKnownFileType = sourcecode.c.objc; path = TADotView.m; sourceTree = "<group>"; };
		9B15ED881CBE449A00B34D8F /* TAPageControl.h */ = {isa = PBXFileReference; fileEncoding = 4; lastKnownFileType = sourcecode.c.h; path = TAPageControl.h; sourceTree = "<group>"; };
		9B15ED891CBE449A00B34D8F /* TAPageControl.m */ = {isa = PBXFileReference; fileEncoding = 4; lastKnownFileType = sourcecode.c.objc; path = TAPageControl.m; sourceTree = "<group>"; };
		9B15ED8A1CBE449A00B34D8F /* SDCollectionViewCell.h */ = {isa = PBXFileReference; fileEncoding = 4; lastKnownFileType = sourcecode.c.h; path = SDCollectionViewCell.h; sourceTree = "<group>"; };
		9B15ED8B1CBE449A00B34D8F /* SDCollectionViewCell.m */ = {isa = PBXFileReference; fileEncoding = 4; lastKnownFileType = sourcecode.c.objc; path = SDCollectionViewCell.m; sourceTree = "<group>"; };
		9B15ED8C1CBE449A00B34D8F /* SDCycleScrollView.h */ = {isa = PBXFileReference; fileEncoding = 4; lastKnownFileType = sourcecode.c.h; path = SDCycleScrollView.h; sourceTree = "<group>"; };
		9B15ED8D1CBE449A00B34D8F /* SDCycleScrollView.m */ = {isa = PBXFileReference; fileEncoding = 4; lastKnownFileType = sourcecode.c.objc; path = SDCycleScrollView.m; sourceTree = "<group>"; };
		9B15ED8E1CBE449A00B34D8F /* UIView+SDExtension.h */ = {isa = PBXFileReference; fileEncoding = 4; lastKnownFileType = sourcecode.c.h; path = "UIView+SDExtension.h"; sourceTree = "<group>"; };
		9B15ED8F1CBE449A00B34D8F /* UIView+SDExtension.m */ = {isa = PBXFileReference; fileEncoding = 4; lastKnownFileType = sourcecode.c.objc; path = "UIView+SDExtension.m"; sourceTree = "<group>"; };
		9B314CD71CBBF3000084C08E /* SVIndefiniteAnimatedView.h */ = {isa = PBXFileReference; fileEncoding = 4; lastKnownFileType = sourcecode.c.h; path = SVIndefiniteAnimatedView.h; sourceTree = "<group>"; };
		9B314CD81CBBF3000084C08E /* SVIndefiniteAnimatedView.m */ = {isa = PBXFileReference; fileEncoding = 4; lastKnownFileType = sourcecode.c.objc; path = SVIndefiniteAnimatedView.m; sourceTree = "<group>"; };
		9B314CD91CBBF3000084C08E /* SVProgressAnimatedView.h */ = {isa = PBXFileReference; fileEncoding = 4; lastKnownFileType = sourcecode.c.h; path = SVProgressAnimatedView.h; sourceTree = "<group>"; };
		9B314CDA1CBBF3000084C08E /* SVProgressAnimatedView.m */ = {isa = PBXFileReference; fileEncoding = 4; lastKnownFileType = sourcecode.c.objc; path = SVProgressAnimatedView.m; sourceTree = "<group>"; };
		9B314CDB1CBBF3000084C08E /* SVProgressHUD-Prefix.pch */ = {isa = PBXFileReference; fileEncoding = 4; lastKnownFileType = sourcecode.c.h; path = "SVProgressHUD-Prefix.pch"; sourceTree = "<group>"; };
		9B314CDC1CBBF3000084C08E /* SVProgressHUD.bundle */ = {isa = PBXFileReference; lastKnownFileType = "wrapper.plug-in"; path = SVProgressHUD.bundle; sourceTree = "<group>"; };
		9B314CDD1CBBF3000084C08E /* SVProgressHUD.h */ = {isa = PBXFileReference; fileEncoding = 4; lastKnownFileType = sourcecode.c.h; path = SVProgressHUD.h; sourceTree = "<group>"; };
		9B314CDE1CBBF3000084C08E /* SVProgressHUD.m */ = {isa = PBXFileReference; fileEncoding = 4; lastKnownFileType = sourcecode.c.objc; path = SVProgressHUD.m; sourceTree = "<group>"; };
		9B314CDF1CBBF3000084C08E /* SVRadialGradientLayer.h */ = {isa = PBXFileReference; fileEncoding = 4; lastKnownFileType = sourcecode.c.h; path = SVRadialGradientLayer.h; sourceTree = "<group>"; };
		9B314CE01CBBF3000084C08E /* SVRadialGradientLayer.m */ = {isa = PBXFileReference; fileEncoding = 4; lastKnownFileType = sourcecode.c.objc; path = SVRadialGradientLayer.m; sourceTree = "<group>"; };
		9B314CE71CBBF8040084C08E /* Request+JSON.swift */ = {isa = PBXFileReference; fileEncoding = 4; lastKnownFileType = sourcecode.swift; path = "Request+JSON.swift"; sourceTree = "<group>"; };
		9B9F95CF1CBAA29C0041FEF9 /* ZhiHuDaily.app */ = {isa = PBXFileReference; explicitFileType = wrapper.application; includeInIndex = 0; path = ZhiHuDaily.app; sourceTree = BUILT_PRODUCTS_DIR; };
		9B9F95D21CBAA29C0041FEF9 /* AppDelegate.swift */ = {isa = PBXFileReference; lastKnownFileType = sourcecode.swift; name = AppDelegate.swift; path = ../../AppDelegate.swift; sourceTree = "<group>"; };
		9B9F95D41CBAA29C0041FEF9 /* ViewController.swift */ = {isa = PBXFileReference; lastKnownFileType = sourcecode.swift; name = ViewController.swift; path = ../../ViewController.swift; sourceTree = "<group>"; };
		9B9F95D71CBAA29C0041FEF9 /* Base */ = {isa = PBXFileReference; lastKnownFileType = file.storyboard; name = Base; path = Base.lproj/Main.storyboard; sourceTree = "<group>"; };
		9B9F95D91CBAA29C0041FEF9 /* Assets.xcassets */ = {isa = PBXFileReference; lastKnownFileType = folder.assetcatalog; path = Assets.xcassets; sourceTree = "<group>"; };
		9B9F95DC1CBAA29C0041FEF9 /* Base */ = {isa = PBXFileReference; lastKnownFileType = file.storyboard; name = Base; path = Base.lproj/LaunchScreen.storyboard; sourceTree = "<group>"; };
		9B9F95DE1CBAA29C0041FEF9 /* Info.plist */ = {isa = PBXFileReference; lastKnownFileType = text.plist.xml; path = Info.plist; sourceTree = "<group>"; };
		9B9F95E31CBAA29C0041FEF9 /* ZhiHuDailyTests.xctest */ = {isa = PBXFileReference; explicitFileType = wrapper.cfbundle; includeInIndex = 0; path = ZhiHuDailyTests.xctest; sourceTree = BUILT_PRODUCTS_DIR; };
		9B9F95E71CBAA29C0041FEF9 /* ZhiHuDailyTests.swift */ = {isa = PBXFileReference; lastKnownFileType = sourcecode.swift; path = ZhiHuDailyTests.swift; sourceTree = "<group>"; };
		9B9F95E91CBAA29C0041FEF9 /* Info.plist */ = {isa = PBXFileReference; lastKnownFileType = text.plist.xml; path = Info.plist; sourceTree = "<group>"; };
		9B9F95EE1CBAA29C0041FEF9 /* ZhiHuDailyUITests.xctest */ = {isa = PBXFileReference; explicitFileType = wrapper.cfbundle; includeInIndex = 0; path = ZhiHuDailyUITests.xctest; sourceTree = BUILT_PRODUCTS_DIR; };
		9B9F95F21CBAA29C0041FEF9 /* ZhiHuDailyUITests.swift */ = {isa = PBXFileReference; lastKnownFileType = sourcecode.swift; path = ZhiHuDailyUITests.swift; sourceTree = "<group>"; };
		9B9F95F41CBAA29C0041FEF9 /* Info.plist */ = {isa = PBXFileReference; lastKnownFileType = text.plist.xml; path = Info.plist; sourceTree = "<group>"; };
		9B9F96061CBAA3200041FEF9 /* LaunchViewController.swift */ = {isa = PBXFileReference; fileEncoding = 4; lastKnownFileType = sourcecode.swift; path = LaunchViewController.swift; sourceTree = "<group>"; };
		9B9F96071CBAA3200041FEF9 /* LaunchViewController.xib */ = {isa = PBXFileReference; fileEncoding = 4; lastKnownFileType = file.xib; path = LaunchViewController.xib; sourceTree = "<group>"; };
		9B9F960B1CBAA62A0041FEF9 /* ZhiHuDaily-Bridging-Header.h */ = {isa = PBXFileReference; lastKnownFileType = sourcecode.c.h; path = "ZhiHuDaily-Bridging-Header.h"; sourceTree = "<group>"; };
		9BD421291CBD499D00B3C853 /* MMDrawerBarButtonItem.h */ = {isa = PBXFileReference; fileEncoding = 4; lastKnownFileType = sourcecode.c.h; path = MMDrawerBarButtonItem.h; sourceTree = "<group>"; };
		9BD4212A1CBD499D00B3C853 /* MMDrawerBarButtonItem.m */ = {isa = PBXFileReference; fileEncoding = 4; lastKnownFileType = sourcecode.c.objc; path = MMDrawerBarButtonItem.m; sourceTree = "<group>"; };
		9BD4212B1CBD499D00B3C853 /* MMDrawerController+Subclass.h */ = {isa = PBXFileReference; fileEncoding = 4; lastKnownFileType = sourcecode.c.h; path = "MMDrawerController+Subclass.h"; sourceTree = "<group>"; };
		9BD4212C1CBD499D00B3C853 /* MMDrawerController.h */ = {isa = PBXFileReference; fileEncoding = 4; lastKnownFileType = sourcecode.c.h; path = MMDrawerController.h; sourceTree = "<group>"; };
		9BD4212D1CBD499D00B3C853 /* MMDrawerController.m */ = {isa = PBXFileReference; fileEncoding = 4; lastKnownFileType = sourcecode.c.objc; path = MMDrawerController.m; sourceTree = "<group>"; };
		9BD4212E1CBD499D00B3C853 /* MMDrawerVisualState.h */ = {isa = PBXFileReference; fileEncoding = 4; lastKnownFileType = sourcecode.c.h; path = MMDrawerVisualState.h; sourceTree = "<group>"; };
		9BD4212F1CBD499D00B3C853 /* MMDrawerVisualState.m */ = {isa = PBXFileReference; fileEncoding = 4; lastKnownFileType = sourcecode.c.objc; path = MMDrawerVisualState.m; sourceTree = "<group>"; };
		9BD421301CBD499D00B3C853 /* UIViewController+MMDrawerController.h */ = {isa = PBXFileReference; fileEncoding = 4; lastKnownFileType = sourcecode.c.h; path = "UIViewController+MMDrawerController.h"; sourceTree = "<group>"; };
		9BD421311CBD499D00B3C853 /* UIViewController+MMDrawerController.m */ = {isa = PBXFileReference; fileEncoding = 4; lastKnownFileType = sourcecode.c.objc; path = "UIViewController+MMDrawerController.m"; sourceTree = "<group>"; };
		9BD4213A1CBD4A7500B3C853 /* MainViewController.swift */ = {isa = PBXFileReference; fileEncoding = 4; lastKnownFileType = sourcecode.swift; path = MainViewController.swift; sourceTree = "<group>"; };
		9BD4213D1CBD4BED00B3C853 /* DrawerViewController.swift */ = {isa = PBXFileReference; fileEncoding = 4; lastKnownFileType = sourcecode.swift; path = DrawerViewController.swift; sourceTree = "<group>"; };
		FB0AB2676819D8DDDC90E533 /* Pods.framework */ = {isa = PBXFileReference; explicitFileType = wrapper.framework; includeInIndex = 0; path = Pods.framework; sourceTree = BUILT_PRODUCTS_DIR; };
/* End PBXFileReference section */

/* Begin PBXFrameworksBuildPhase section */
		9B9F95CC1CBAA29C0041FEF9 /* Frameworks */ = {
			isa = PBXFrameworksBuildPhase;
			buildActionMask = 2147483647;
			files = (
				638A5B632F3C39B2849093CD /* Pods.framework in Frameworks */,
			);
			runOnlyForDeploymentPostprocessing = 0;
		};
		9B9F95E01CBAA29C0041FEF9 /* Frameworks */ = {
			isa = PBXFrameworksBuildPhase;
			buildActionMask = 2147483647;
			files = (
			);
			runOnlyForDeploymentPostprocessing = 0;
		};
		9B9F95EB1CBAA29C0041FEF9 /* Frameworks */ = {
			isa = PBXFrameworksBuildPhase;
			buildActionMask = 2147483647;
			files = (
			);
			runOnlyForDeploymentPostprocessing = 0;
		};
/* End PBXFrameworksBuildPhase section */

/* Begin PBXGroup section */
		7D99A20FE6200611518E6316 /* Pods */ = {
			isa = PBXGroup;
			children = (
				769ABF7BE256C7A90EECF199 /* Pods.debug.xcconfig */,
				9084BC9D7406BF342371B822 /* Pods.release.xcconfig */,
			);
			name = Pods;
			sourceTree = "<group>";
		};
		808B5F9083199D52586323A0 /* Frameworks */ = {
			isa = PBXGroup;
			children = (
				FB0AB2676819D8DDDC90E533 /* Pods.framework */,
			);
			name = Frameworks;
			sourceTree = "<group>";
		};
		9B15ED801CBE449A00B34D8F /* SDCycleScrollView */ = {
			isa = PBXGroup;
			children = (
				9B15ED811CBE449A00B34D8F /* PageControl */,
				9B15ED8A1CBE449A00B34D8F /* SDCollectionViewCell.h */,
				9B15ED8B1CBE449A00B34D8F /* SDCollectionViewCell.m */,
				9B15ED8C1CBE449A00B34D8F /* SDCycleScrollView.h */,
				9B15ED8D1CBE449A00B34D8F /* SDCycleScrollView.m */,
				9B15ED8E1CBE449A00B34D8F /* UIView+SDExtension.h */,
				9B15ED8F1CBE449A00B34D8F /* UIView+SDExtension.m */,
			);
			path = SDCycleScrollView;
			sourceTree = "<group>";
		};
		9B15ED811CBE449A00B34D8F /* PageControl */ = {
			isa = PBXGroup;
			children = (
				9B15ED821CBE449A00B34D8F /* TAAbstractDotView.h */,
				9B15ED831CBE449A00B34D8F /* TAAbstractDotView.m */,
				9B15ED841CBE449A00B34D8F /* TAAnimatedDotView.h */,
				9B15ED851CBE449A00B34D8F /* TAAnimatedDotView.m */,
				9B15ED861CBE449A00B34D8F /* TADotView.h */,
				9B15ED871CBE449A00B34D8F /* TADotView.m */,
				9B15ED881CBE449A00B34D8F /* TAPageControl.h */,
				9B15ED891CBE449A00B34D8F /* TAPageControl.m */,
			);
			path = PageControl;
			sourceTree = "<group>";
		};
		9B314CD51CBBF2F90084C08E /* Lib */ = {
			isa = PBXGroup;
			children = (
				9B15ED801CBE449A00B34D8F /* SDCycleScrollView */,
				9BD421281CBD499D00B3C853 /* MMDrawerController */,
				9B314CD61CBBF3000084C08E /* SVProgressHUD */,
			);
			path = Lib;
			sourceTree = "<group>";
		};
		9B314CD61CBBF3000084C08E /* SVProgressHUD */ = {
			isa = PBXGroup;
			children = (
				9B314CD71CBBF3000084C08E /* SVIndefiniteAnimatedView.h */,
				9B314CD81CBBF3000084C08E /* SVIndefiniteAnimatedView.m */,
				9B314CD91CBBF3000084C08E /* SVProgressAnimatedView.h */,
				9B314CDA1CBBF3000084C08E /* SVProgressAnimatedView.m */,
				9B314CDB1CBBF3000084C08E /* SVProgressHUD-Prefix.pch */,
				9B314CDC1CBBF3000084C08E /* SVProgressHUD.bundle */,
				9B314CDD1CBBF3000084C08E /* SVProgressHUD.h */,
				9B314CDE1CBBF3000084C08E /* SVProgressHUD.m */,
				9B314CDF1CBBF3000084C08E /* SVRadialGradientLayer.h */,
				9B314CE01CBBF3000084C08E /* SVRadialGradientLayer.m */,
			);
			path = SVProgressHUD;
			sourceTree = "<group>";
		};
		9B314CE61CBBF7740084C08E /* Extensions */ = {
			isa = PBXGroup;
			children = (
				9B314CE71CBBF8040084C08E /* Request+JSON.swift */,
			);
			path = Extensions;
			sourceTree = "<group>";
		};
		9B9F95C61CBAA29C0041FEF9 = {
			isa = PBXGroup;
			children = (
				9B9F95D11CBAA29C0041FEF9 /* ZhiHuDaily */,
				9B9F95E61CBAA29C0041FEF9 /* ZhiHuDailyTests */,
				9B9F95F11CBAA29C0041FEF9 /* ZhiHuDailyUITests */,
				9B9F95D01CBAA29C0041FEF9 /* Products */,
				7D99A20FE6200611518E6316 /* Pods */,
				808B5F9083199D52586323A0 /* Frameworks */,
			);
			sourceTree = "<group>";
		};
		9B9F95D01CBAA29C0041FEF9 /* Products */ = {
			isa = PBXGroup;
			children = (
				9B9F95CF1CBAA29C0041FEF9 /* ZhiHuDaily.app */,
				9B9F95E31CBAA29C0041FEF9 /* ZhiHuDailyTests.xctest */,
				9B9F95EE1CBAA29C0041FEF9 /* ZhiHuDailyUITests.xctest */,
			);
			name = Products;
			sourceTree = "<group>";
		};
		9B9F95D11CBAA29C0041FEF9 /* ZhiHuDaily */ = {
			isa = PBXGroup;
			children = (
				9B314CD51CBBF2F90084C08E /* Lib */,
				9B314CE61CBBF7740084C08E /* Extensions */,
				9B9F96001CBAA2FD0041FEF9 /* Class */,
				9B9F95D91CBAA29C0041FEF9 /* Assets.xcassets */,
				9B9F95DB1CBAA29C0041FEF9 /* LaunchScreen.storyboard */,
				9B9F95DE1CBAA29C0041FEF9 /* Info.plist */,
			);
			path = ZhiHuDaily;
			sourceTree = "<group>";
		};
		9B9F95E61CBAA29C0041FEF9 /* ZhiHuDailyTests */ = {
			isa = PBXGroup;
			children = (
				9B9F95E71CBAA29C0041FEF9 /* ZhiHuDailyTests.swift */,
				9B9F95E91CBAA29C0041FEF9 /* Info.plist */,
			);
			path = ZhiHuDailyTests;
			sourceTree = "<group>";
		};
		9B9F95F11CBAA29C0041FEF9 /* ZhiHuDailyUITests */ = {
			isa = PBXGroup;
			children = (
				9B9F95F21CBAA29C0041FEF9 /* ZhiHuDailyUITests.swift */,
				9B9F95F41CBAA29C0041FEF9 /* Info.plist */,
			);
			path = ZhiHuDailyUITests;
			sourceTree = "<group>";
		};
		9B9F96001CBAA2FD0041FEF9 /* Class */ = {
			isa = PBXGroup;
			children = (
				9BD4213C1CBD4BBB00B3C853 /* Drawer */,
				9BD421361CBD49E500B3C853 /* Main */,
				9B9F96011CBAA2FD0041FEF9 /* Launch */,
				9B9F96051CBAA2FD0041FEF9 /* Other */,
			);
			path = Class;
			sourceTree = "<group>";
		};
		9B9F96011CBAA2FD0041FEF9 /* Launch */ = {
			isa = PBXGroup;
			children = (
				9B9F96021CBAA2FD0041FEF9 /* Controller */,
				9B9F96031CBAA2FD0041FEF9 /* Model */,
				9B9F96041CBAA2FD0041FEF9 /* View */,
			);
			path = Launch;
			sourceTree = "<group>";
		};
		9B9F96021CBAA2FD0041FEF9 /* Controller */ = {
			isa = PBXGroup;
			children = (
				9B9F96061CBAA3200041FEF9 /* LaunchViewController.swift */,
				9B9F96071CBAA3200041FEF9 /* LaunchViewController.xib */,
			);
			path = Controller;
			sourceTree = "<group>";
		};
		9B9F96031CBAA2FD0041FEF9 /* Model */ = {
			isa = PBXGroup;
			children = (
			);
			path = Model;
			sourceTree = "<group>";
		};
		9B9F96041CBAA2FD0041FEF9 /* View */ = {
			isa = PBXGroup;
			children = (
			);
			path = View;
			sourceTree = "<group>";
		};
		9B9F96051CBAA2FD0041FEF9 /* Other */ = {
			isa = PBXGroup;
			children = (
				9B9F95D21CBAA29C0041FEF9 /* AppDelegate.swift */,
				9B9F95D41CBAA29C0041FEF9 /* ViewController.swift */,
				9B9F95D61CBAA29C0041FEF9 /* Main.storyboard */,
				9B9F960B1CBAA62A0041FEF9 /* ZhiHuDaily-Bridging-Header.h */,
			);
			path = Other;
			sourceTree = "<group>";
		};
		9BD421281CBD499D00B3C853 /* MMDrawerController */ = {
			isa = PBXGroup;
			children = (
				9BD421291CBD499D00B3C853 /* MMDrawerBarButtonItem.h */,
				9BD4212A1CBD499D00B3C853 /* MMDrawerBarButtonItem.m */,
				9BD4212B1CBD499D00B3C853 /* MMDrawerController+Subclass.h */,
				9BD4212C1CBD499D00B3C853 /* MMDrawerController.h */,
				9BD4212D1CBD499D00B3C853 /* MMDrawerController.m */,
				9BD4212E1CBD499D00B3C853 /* MMDrawerVisualState.h */,
				9BD4212F1CBD499D00B3C853 /* MMDrawerVisualState.m */,
				9BD421301CBD499D00B3C853 /* UIViewController+MMDrawerController.h */,
				9BD421311CBD499D00B3C853 /* UIViewController+MMDrawerController.m */,
			);
			path = MMDrawerController;
			sourceTree = "<group>";
		};
		9BD421361CBD49E500B3C853 /* Main */ = {
			isa = PBXGroup;
			children = (
				9BD4213A1CBD4A7500B3C853 /* MainViewController.swift */,
			);
			name = Main;
			path = Other/Main;
			sourceTree = "<group>";
		};
		9BD4213C1CBD4BBB00B3C853 /* Drawer */ = {
			isa = PBXGroup;
			children = (
				9BD4213D1CBD4BED00B3C853 /* DrawerViewController.swift */,
			);
			path = Drawer;
			sourceTree = "<group>";
		};
/* End PBXGroup section */

/* Begin PBXNativeTarget section */
		9B9F95CE1CBAA29C0041FEF9 /* ZhiHuDaily */ = {
			isa = PBXNativeTarget;
			buildConfigurationList = 9B9F95F71CBAA29C0041FEF9 /* Build configuration list for PBXNativeTarget "ZhiHuDaily" */;
			buildPhases = (
				D1E8EE5106AA10215ECC17AE /* Check Pods Manifest.lock */,
				9B9F95CB1CBAA29C0041FEF9 /* Sources */,
				9B9F95CC1CBAA29C0041FEF9 /* Frameworks */,
				9B9F95CD1CBAA29C0041FEF9 /* Resources */,
				1ABF61CADB0028FB3B6E1B83 /* Embed Pods Frameworks */,
				3B62902EFF51C1C2873A878A /* Copy Pods Resources */,
			);
			buildRules = (
			);
			dependencies = (
			);
			name = ZhiHuDaily;
			productName = ZhiHuDaily;
			productReference = 9B9F95CF1CBAA29C0041FEF9 /* ZhiHuDaily.app */;
			productType = "com.apple.product-type.application";
		};
		9B9F95E21CBAA29C0041FEF9 /* ZhiHuDailyTests */ = {
			isa = PBXNativeTarget;
			buildConfigurationList = 9B9F95FA1CBAA29C0041FEF9 /* Build configuration list for PBXNativeTarget "ZhiHuDailyTests" */;
			buildPhases = (
				9B9F95DF1CBAA29C0041FEF9 /* Sources */,
				9B9F95E01CBAA29C0041FEF9 /* Frameworks */,
				9B9F95E11CBAA29C0041FEF9 /* Resources */,
			);
			buildRules = (
			);
			dependencies = (
				9B9F95E51CBAA29C0041FEF9 /* PBXTargetDependency */,
			);
			name = ZhiHuDailyTests;
			productName = ZhiHuDailyTests;
			productReference = 9B9F95E31CBAA29C0041FEF9 /* ZhiHuDailyTests.xctest */;
			productType = "com.apple.product-type.bundle.unit-test";
		};
		9B9F95ED1CBAA29C0041FEF9 /* ZhiHuDailyUITests */ = {
			isa = PBXNativeTarget;
			buildConfigurationList = 9B9F95FD1CBAA29C0041FEF9 /* Build configuration list for PBXNativeTarget "ZhiHuDailyUITests" */;
			buildPhases = (
				9B9F95EA1CBAA29C0041FEF9 /* Sources */,
				9B9F95EB1CBAA29C0041FEF9 /* Frameworks */,
				9B9F95EC1CBAA29C0041FEF9 /* Resources */,
			);
			buildRules = (
			);
			dependencies = (
				9B9F95F01CBAA29C0041FEF9 /* PBXTargetDependency */,
			);
			name = ZhiHuDailyUITests;
			productName = ZhiHuDailyUITests;
			productReference = 9B9F95EE1CBAA29C0041FEF9 /* ZhiHuDailyUITests.xctest */;
			productType = "com.apple.product-type.bundle.ui-testing";
		};
/* End PBXNativeTarget section */

/* Begin PBXProject section */
		9B9F95C71CBAA29C0041FEF9 /* Project object */ = {
			isa = PBXProject;
			attributes = {
				LastSwiftUpdateCheck = 0730;
				LastUpgradeCheck = 0730;
				ORGANIZATIONNAME = sun;
				TargetAttributes = {
					9B9F95CE1CBAA29C0041FEF9 = {
						CreatedOnToolsVersion = 7.3;
						DevelopmentTeam = A8QZC5TT5X;
					};
					9B9F95E21CBAA29C0041FEF9 = {
						CreatedOnToolsVersion = 7.3;
						DevelopmentTeam = A8QZC5TT5X;
						TestTargetID = 9B9F95CE1CBAA29C0041FEF9;
					};
					9B9F95ED1CBAA29C0041FEF9 = {
						CreatedOnToolsVersion = 7.3;
						DevelopmentTeam = A8QZC5TT5X;
						TestTargetID = 9B9F95CE1CBAA29C0041FEF9;
					};
				};
			};
			buildConfigurationList = 9B9F95CA1CBAA29C0041FEF9 /* Build configuration list for PBXProject "ZhiHuDaily" */;
			compatibilityVersion = "Xcode 3.2";
			developmentRegion = English;
			hasScannedForEncodings = 0;
			knownRegions = (
				en,
				Base,
			);
			mainGroup = 9B9F95C61CBAA29C0041FEF9;
			productRefGroup = 9B9F95D01CBAA29C0041FEF9 /* Products */;
			projectDirPath = "";
			projectRoot = "";
			targets = (
				9B9F95CE1CBAA29C0041FEF9 /* ZhiHuDaily */,
				9B9F95E21CBAA29C0041FEF9 /* ZhiHuDailyTests */,
				9B9F95ED1CBAA29C0041FEF9 /* ZhiHuDailyUITests */,
			);
		};
/* End PBXProject section */

/* Begin PBXResourcesBuildPhase section */
		9B9F95CD1CBAA29C0041FEF9 /* Resources */ = {
			isa = PBXResourcesBuildPhase;
			buildActionMask = 2147483647;
			files = (
				9B314CE31CBBF3000084C08E /* SVProgressHUD.bundle in Resources */,
				9B9F95DD1CBAA29C0041FEF9 /* LaunchScreen.storyboard in Resources */,
				9B9F95DA1CBAA29C0041FEF9 /* Assets.xcassets in Resources */,
				9B9F95D81CBAA29C0041FEF9 /* Main.storyboard in Resources */,
				9B9F96091CBAA3200041FEF9 /* LaunchViewController.xib in Resources */,
			);
			runOnlyForDeploymentPostprocessing = 0;
		};
		9B9F95E11CBAA29C0041FEF9 /* Resources */ = {
			isa = PBXResourcesBuildPhase;
			buildActionMask = 2147483647;
			files = (
			);
			runOnlyForDeploymentPostprocessing = 0;
		};
		9B9F95EC1CBAA29C0041FEF9 /* Resources */ = {
			isa = PBXResourcesBuildPhase;
			buildActionMask = 2147483647;
			files = (
			);
			runOnlyForDeploymentPostprocessing = 0;
		};
/* End PBXResourcesBuildPhase section */

/* Begin PBXShellScriptBuildPhase section */
		1ABF61CADB0028FB3B6E1B83 /* Embed Pods Frameworks */ = {
			isa = PBXShellScriptBuildPhase;
			buildActionMask = 2147483647;
			files = (
			);
			inputPaths = (
			);
			name = "Embed Pods Frameworks";
			outputPaths = (
			);
			runOnlyForDeploymentPostprocessing = 0;
			shellPath = /bin/sh;
			shellScript = "\"${SRCROOT}/Pods/Target Support Files/Pods/Pods-frameworks.sh\"\n";
			showEnvVarsInLog = 0;
		};
		3B62902EFF51C1C2873A878A /* Copy Pods Resources */ = {
			isa = PBXShellScriptBuildPhase;
			buildActionMask = 2147483647;
			files = (
			);
			inputPaths = (
			);
			name = "Copy Pods Resources";
			outputPaths = (
			);
			runOnlyForDeploymentPostprocessing = 0;
			shellPath = /bin/sh;
			shellScript = "\"${SRCROOT}/Pods/Target Support Files/Pods/Pods-resources.sh\"\n";
			showEnvVarsInLog = 0;
		};
		D1E8EE5106AA10215ECC17AE /* Check Pods Manifest.lock */ = {
			isa = PBXShellScriptBuildPhase;
			buildActionMask = 2147483647;
			files = (
			);
			inputPaths = (
			);
			name = "Check Pods Manifest.lock";
			outputPaths = (
			);
			runOnlyForDeploymentPostprocessing = 0;
			shellPath = /bin/sh;
			shellScript = "diff \"${PODS_ROOT}/../Podfile.lock\" \"${PODS_ROOT}/Manifest.lock\" > /dev/null\nif [[ $? != 0 ]] ; then\n    cat << EOM\nerror: The sandbox is not in sync with the Podfile.lock. Run 'pod install' or update your CocoaPods installation.\nEOM\n    exit 1\nfi\n";
			showEnvVarsInLog = 0;
		};
/* End PBXShellScriptBuildPhase section */

/* Begin PBXSourcesBuildPhase section */
		9B9F95CB1CBAA29C0041FEF9 /* Sources */ = {
			isa = PBXSourcesBuildPhase;
			buildActionMask = 2147483647;
			files = (
				9B314CE51CBBF3000084C08E /* SVRadialGradientLayer.m in Sources */,
				9B15ED901CBE449A00B34D8F /* TAAbstractDotView.m in Sources */,
				9BD4213B1CBD4A7500B3C853 /* MainViewController.swift in Sources */,
				9B9F95D51CBAA29C0041FEF9 /* ViewController.swift in Sources */,
				9BD421341CBD499D00B3C853 /* MMDrawerVisualState.m in Sources */,
				9BD421351CBD499D00B3C853 /* UIViewController+MMDrawerController.m in Sources */,
				9BD4213E1CBD4BED00B3C853 /* DrawerViewController.swift in Sources */,
				9B15ED961CBE449A00B34D8F /* UIView+SDExtension.m in Sources */,
				9B314CE21CBBF3000084C08E /* SVProgressAnimatedView.m in Sources */,
				9B15ED911CBE449A00B34D8F /* TAAnimatedDotView.m in Sources */,
				9B15ED941CBE449A00B34D8F /* SDCollectionViewCell.m in Sources */,
				9B314CE81CBBF8040084C08E /* Request+JSON.swift in Sources */,
				9BD421321CBD499D00B3C853 /* MMDrawerBarButtonItem.m in Sources */,
				9B9F96081CBAA3200041FEF9 /* LaunchViewController.swift in Sources */,
				9BD421331CBD499D00B3C853 /* MMDrawerController.m in Sources */,
				9B9F95D31CBAA29C0041FEF9 /* AppDelegate.swift in Sources */,
				9B314CE11CBBF3000084C08E /* SVIndefiniteAnimatedView.m in Sources */,
				9B15ED921CBE449A00B34D8F /* TADotView.m in Sources */,
				9B314CE41CBBF3000084C08E /* SVProgressHUD.m in Sources */,
				9B15ED931CBE449A00B34D8F /* TAPageControl.m in Sources */,
				9B15ED951CBE449A00B34D8F /* SDCycleScrollView.m in Sources */,
			);
			runOnlyForDeploymentPostprocessing = 0;
		};
		9B9F95DF1CBAA29C0041FEF9 /* Sources */ = {
			isa = PBXSourcesBuildPhase;
			buildActionMask = 2147483647;
			files = (
				9B9F95E81CBAA29C0041FEF9 /* ZhiHuDailyTests.swift in Sources */,
			);
			runOnlyForDeploymentPostprocessing = 0;
		};
		9B9F95EA1CBAA29C0041FEF9 /* Sources */ = {
			isa = PBXSourcesBuildPhase;
			buildActionMask = 2147483647;
			files = (
				9B9F95F31CBAA29C0041FEF9 /* ZhiHuDailyUITests.swift in Sources */,
			);
			runOnlyForDeploymentPostprocessing = 0;
		};
/* End PBXSourcesBuildPhase section */

/* Begin PBXTargetDependency section */
		9B9F95E51CBAA29C0041FEF9 /* PBXTargetDependency */ = {
			isa = PBXTargetDependency;
			target = 9B9F95CE1CBAA29C0041FEF9 /* ZhiHuDaily */;
			targetProxy = 9B9F95E41CBAA29C0041FEF9 /* PBXContainerItemProxy */;
		};
		9B9F95F01CBAA29C0041FEF9 /* PBXTargetDependency */ = {
			isa = PBXTargetDependency;
			target = 9B9F95CE1CBAA29C0041FEF9 /* ZhiHuDaily */;
			targetProxy = 9B9F95EF1CBAA29C0041FEF9 /* PBXContainerItemProxy */;
		};
/* End PBXTargetDependency section */

/* Begin PBXVariantGroup section */
		9B9F95D61CBAA29C0041FEF9 /* Main.storyboard */ = {
			isa = PBXVariantGroup;
			children = (
				9B9F95D71CBAA29C0041FEF9 /* Base */,
			);
			name = Main.storyboard;
			path = ../..;
			sourceTree = "<group>";
		};
		9B9F95DB1CBAA29C0041FEF9 /* LaunchScreen.storyboard */ = {
			isa = PBXVariantGroup;
			children = (
				9B9F95DC1CBAA29C0041FEF9 /* Base */,
			);
			name = LaunchScreen.storyboard;
			sourceTree = "<group>";
		};
/* End PBXVariantGroup section */

/* Begin XCBuildConfiguration section */
		9B9F95F51CBAA29C0041FEF9 /* Debug */ = {
			isa = XCBuildConfiguration;
			buildSettings = {
				ALWAYS_SEARCH_USER_PATHS = NO;
				CLANG_ANALYZER_NONNULL = YES;
				CLANG_CXX_LANGUAGE_STANDARD = "gnu++0x";
				CLANG_CXX_LIBRARY = "libc++";
				CLANG_ENABLE_MODULES = YES;
				CLANG_ENABLE_OBJC_ARC = YES;
				CLANG_WARN_BOOL_CONVERSION = YES;
				CLANG_WARN_CONSTANT_CONVERSION = YES;
				CLANG_WARN_DIRECT_OBJC_ISA_USAGE = YES_ERROR;
				CLANG_WARN_EMPTY_BODY = YES;
				CLANG_WARN_ENUM_CONVERSION = YES;
				CLANG_WARN_INT_CONVERSION = YES;
				CLANG_WARN_OBJC_ROOT_CLASS = YES_ERROR;
				CLANG_WARN_UNREACHABLE_CODE = YES;
				CLANG_WARN__DUPLICATE_METHOD_MATCH = YES;
				"CODE_SIGN_IDENTITY[sdk=iphoneos*]" = "iPhone Developer";
				COPY_PHASE_STRIP = NO;
				DEBUG_INFORMATION_FORMAT = dwarf;
				ENABLE_STRICT_OBJC_MSGSEND = YES;
				ENABLE_TESTABILITY = YES;
				GCC_C_LANGUAGE_STANDARD = gnu99;
				GCC_DYNAMIC_NO_PIC = NO;
				GCC_NO_COMMON_BLOCKS = YES;
				GCC_OPTIMIZATION_LEVEL = 0;
				GCC_PREPROCESSOR_DEFINITIONS = (
					"DEBUG=1",
					"$(inherited)",
				);
				GCC_WARN_64_TO_32_BIT_CONVERSION = YES;
				GCC_WARN_ABOUT_RETURN_TYPE = YES_ERROR;
				GCC_WARN_UNDECLARED_SELECTOR = YES;
				GCC_WARN_UNINITIALIZED_AUTOS = YES_AGGRESSIVE;
				GCC_WARN_UNUSED_FUNCTION = YES;
				GCC_WARN_UNUSED_VARIABLE = YES;
				IPHONEOS_DEPLOYMENT_TARGET = 9.3;
				MTL_ENABLE_DEBUG_INFO = YES;
				ONLY_ACTIVE_ARCH = YES;
				SDKROOT = iphoneos;
				SWIFT_OPTIMIZATION_LEVEL = "-Onone";
			};
			name = Debug;
		};
		9B9F95F61CBAA29C0041FEF9 /* Release */ = {
			isa = XCBuildConfiguration;
			buildSettings = {
				ALWAYS_SEARCH_USER_PATHS = NO;
				CLANG_ANALYZER_NONNULL = YES;
				CLANG_CXX_LANGUAGE_STANDARD = "gnu++0x";
				CLANG_CXX_LIBRARY = "libc++";
				CLANG_ENABLE_MODULES = YES;
				CLANG_ENABLE_OBJC_ARC = YES;
				CLANG_WARN_BOOL_CONVERSION = YES;
				CLANG_WARN_CONSTANT_CONVERSION = YES;
				CLANG_WARN_DIRECT_OBJC_ISA_USAGE = YES_ERROR;
				CLANG_WARN_EMPTY_BODY = YES;
				CLANG_WARN_ENUM_CONVERSION = YES;
				CLANG_WARN_INT_CONVERSION = YES;
				CLANG_WARN_OBJC_ROOT_CLASS = YES_ERROR;
				CLANG_WARN_UNREACHABLE_CODE = YES;
				CLANG_WARN__DUPLICATE_METHOD_MATCH = YES;
				"CODE_SIGN_IDENTITY[sdk=iphoneos*]" = "iPhone Developer";
				COPY_PHASE_STRIP = NO;
				DEBUG_INFORMATION_FORMAT = "dwarf-with-dsym";
				ENABLE_NS_ASSERTIONS = NO;
				ENABLE_STRICT_OBJC_MSGSEND = YES;
				GCC_C_LANGUAGE_STANDARD = gnu99;
				GCC_NO_COMMON_BLOCKS = YES;
				GCC_WARN_64_TO_32_BIT_CONVERSION = YES;
				GCC_WARN_ABOUT_RETURN_TYPE = YES_ERROR;
				GCC_WARN_UNDECLARED_SELECTOR = YES;
				GCC_WARN_UNINITIALIZED_AUTOS = YES_AGGRESSIVE;
				GCC_WARN_UNUSED_FUNCTION = YES;
				GCC_WARN_UNUSED_VARIABLE = YES;
				IPHONEOS_DEPLOYMENT_TARGET = 9.3;
				MTL_ENABLE_DEBUG_INFO = NO;
				SDKROOT = iphoneos;
				VALIDATE_PRODUCT = YES;
			};
			name = Release;
		};
		9B9F95F81CBAA29C0041FEF9 /* Debug */ = {
			isa = XCBuildConfiguration;
			baseConfigurationReference = 769ABF7BE256C7A90EECF199 /* Pods.debug.xcconfig */;
			buildSettings = {
				ASSETCATALOG_COMPILER_APPICON_NAME = AppIcon;
				CLANG_ENABLE_MODULES = YES;
				INFOPLIST_FILE = ZhiHuDaily/Info.plist;
				LD_RUNPATH_SEARCH_PATHS = "$(inherited) @executable_path/Frameworks";
				PRODUCT_BUNDLE_IDENTIFIER = com.sun.ZhiHuDaily;
				PRODUCT_NAME = "$(TARGET_NAME)";
				SWIFT_OBJC_BRIDGING_HEADER = "ZhiHuDaily/Class/Other/ZhiHuDaily-Bridging-Header.h";
				SWIFT_OPTIMIZATION_LEVEL = "-Onone";
			};
			name = Debug;
		};
		9B9F95F91CBAA29C0041FEF9 /* Release */ = {
			isa = XCBuildConfiguration;
			baseConfigurationReference = 9084BC9D7406BF342371B822 /* Pods.release.xcconfig */;
			buildSettings = {
				ASSETCATALOG_COMPILER_APPICON_NAME = AppIcon;
				CLANG_ENABLE_MODULES = YES;
				INFOPLIST_FILE = ZhiHuDaily/Info.plist;
				LD_RUNPATH_SEARCH_PATHS = "$(inherited) @executable_path/Frameworks";
				PRODUCT_BUNDLE_IDENTIFIER = com.sun.ZhiHuDaily;
				PRODUCT_NAME = "$(TARGET_NAME)";
				SWIFT_OBJC_BRIDGING_HEADER = "ZhiHuDaily/Class/Other/ZhiHuDaily-Bridging-Header.h";
			};
			name = Release;
		};
		9B9F95FB1CBAA29C0041FEF9 /* Debug */ = {
			isa = XCBuildConfiguration;
			buildSettings = {
				BUNDLE_LOADER = "$(TEST_HOST)";
				INFOPLIST_FILE = ZhiHuDailyTests/Info.plist;
				LD_RUNPATH_SEARCH_PATHS = "$(inherited) @executable_path/Frameworks @loader_path/Frameworks";
				PRODUCT_BUNDLE_IDENTIFIER = com.sun.ZhiHuDailyTests;
				PRODUCT_NAME = "$(TARGET_NAME)";
				TEST_HOST = "$(BUILT_PRODUCTS_DIR)/ZhiHuDaily.app/ZhiHuDaily";
			};
			name = Debug;
		};
		9B9F95FC1CBAA29C0041FEF9 /* Release */ = {
			isa = XCBuildConfiguration;
			buildSettings = {
				BUNDLE_LOADER = "$(TEST_HOST)";
				INFOPLIST_FILE = ZhiHuDailyTests/Info.plist;
				LD_RUNPATH_SEARCH_PATHS = "$(inherited) @executable_path/Frameworks @loader_path/Frameworks";
				PRODUCT_BUNDLE_IDENTIFIER = com.sun.ZhiHuDailyTests;
				PRODUCT_NAME = "$(TARGET_NAME)";
				TEST_HOST = "$(BUILT_PRODUCTS_DIR)/ZhiHuDaily.app/ZhiHuDaily";
			};
			name = Release;
		};
		9B9F95FE1CBAA29C0041FEF9 /* Debug */ = {
			isa = XCBuildConfiguration;
			buildSettings = {
				INFOPLIST_FILE = ZhiHuDailyUITests/Info.plist;
				LD_RUNPATH_SEARCH_PATHS = "$(inherited) @executable_path/Frameworks @loader_path/Frameworks";
				PRODUCT_BUNDLE_IDENTIFIER = com.sun.ZhiHuDailyUITests;
				PRODUCT_NAME = "$(TARGET_NAME)";
				TEST_TARGET_NAME = ZhiHuDaily;
			};
			name = Debug;
		};
		9B9F95FF1CBAA29C0041FEF9 /* Release */ = {
			isa = XCBuildConfiguration;
			buildSettings = {
				INFOPLIST_FILE = ZhiHuDailyUITests/Info.plist;
				LD_RUNPATH_SEARCH_PATHS = "$(inherited) @executable_path/Frameworks @loader_path/Frameworks";
				PRODUCT_BUNDLE_IDENTIFIER = com.sun.ZhiHuDailyUITests;
				PRODUCT_NAME = "$(TARGET_NAME)";
				TEST_TARGET_NAME = ZhiHuDaily;
			};
			name = Release;
		};
/* End XCBuildConfiguration section */

/* Begin XCConfigurationList section */
		9B9F95CA1CBAA29C0041FEF9 /* Build configuration list for PBXProject "ZhiHuDaily" */ = {
			isa = XCConfigurationList;
			buildConfigurations = (
				9B9F95F51CBAA29C0041FEF9 /* Debug */,
				9B9F95F61CBAA29C0041FEF9 /* Release */,
			);
			defaultConfigurationIsVisible = 0;
			defaultConfigurationName = Release;
		};
		9B9F95F71CBAA29C0041FEF9 /* Build configuration list for PBXNativeTarget "ZhiHuDaily" */ = {
			isa = XCConfigurationList;
			buildConfigurations = (
				9B9F95F81CBAA29C0041FEF9 /* Debug */,
				9B9F95F91CBAA29C0041FEF9 /* Release */,
			);
			defaultConfigurationIsVisible = 0;
			defaultConfigurationName = Release;
		};
		9B9F95FA1CBAA29C0041FEF9 /* Build configuration list for PBXNativeTarget "ZhiHuDailyTests" */ = {
			isa = XCConfigurationList;
			buildConfigurations = (
				9B9F95FB1CBAA29C0041FEF9 /* Debug */,
				9B9F95FC1CBAA29C0041FEF9 /* Release */,
			);
			defaultConfigurationIsVisible = 0;
			defaultConfigurationName = Release;
		};
		9B9F95FD1CBAA29C0041FEF9 /* Build configuration list for PBXNativeTarget "ZhiHuDailyUITests" */ = {
			isa = XCConfigurationList;
			buildConfigurations = (
				9B9F95FE1CBAA29C0041FEF9 /* Debug */,
				9B9F95FF1CBAA29C0041FEF9 /* Release */,
			);
			defaultConfigurationIsVisible = 0;
			defaultConfigurationName = Release;
		};
/* End XCConfigurationList section */
	};
	rootObject = 9B9F95C71CBAA29C0041FEF9 /* Project object */;
}
